Microsoft Visual Studio Solution File, Format Version 12.00
# Visual Studio Version 18
VisualStudioVersion = 18.2.11430.68 d18.0
MinimumVisualStudioVersion = 10.0.40219.1
Project("{2150E333-8FDC-42A3-9474-1A3956D46DE8}") = "Solution Items", "Solution Items", "{518C65D9-FC27-4F92-B9D1-D2DD93CBFB57}"
	ProjectSection(SolutionItems) = preProject
		models\car-prediction\python\python_rf_carprice.onnx = models\car-prediction\python\python_rf_carprice.onnx
		README.md = README.md
	EndProjectSection
EndProject
Project("{888888A0-9F3D-457C-B088-3A5042F75D52}") = "python-model-trainer", "python-model-trainer\python-model-trainer.pyproj", "{EEF92787-B551-46D4-87B3-ACC5CAA0A20C}"
EndProject
Project("{FAE04EC0-301F-11D3-BF4B-00C04F79EFBC}") = "WebApp", "WebApp\WebApp.csproj", "{30C01B67-A211-406C-85E6-78F6435302FC}"
EndProject
Project("{FAE04EC0-301F-11D3-BF4B-00C04F79EFBC}") = "SharedCL", "SharedCL\SharedCL.csproj", "{23EE64C1-7ECF-4523-BC4C-6B3B547D2A1D}"
EndProject
Project("{FAE04EC0-301F-11D3-BF4B-00C04F79EFBC}") = "ml-dotnet-vs-python.AppHost", "ml-dotnet-vs-python.AppHost\ml-dotnet-vs-python.AppHost.csproj", "{F3FA3126-5B7E-4A13-B9DA-BAA5B9E8598A}"
EndProject
Project("{FAE04EC0-301F-11D3-BF4B-00C04F79EFBC}") = "ml-dotnet-vs-python.ServiceDefaults", "ml-dotnet-vs-python.ServiceDefaults\ml-dotnet-vs-python.ServiceDefaults.csproj", "{2BDBD618-E27D-B88C-B65B-269C340668BC}"
EndProject
Project("{FAE04EC0-301F-11D3-BF4B-00C04F79EFBC}") = "CSharpModelTrainerApi", "CSharpModelTrainerApi\CSharpModelTrainerApi.csproj", "{5AC5EA44-A926-A861-55D5-052BD577489B}"
EndProject
Global
	GlobalSection(SolutionConfigurationPlatforms) = preSolution
		Debug|Any CPU = Debug|Any CPU
		Release|Any CPU = Release|Any CPU
	EndGlobalSection
	GlobalSection(ProjectConfigurationPlatforms) = postSolution
		{EEF92787-B551-46D4-87B3-ACC5CAA0A20C}.Debug|Any CPU.ActiveCfg = Debug|Any CPU
		{EEF92787-B551-46D4-87B3-ACC5CAA0A20C}.Release|Any CPU.ActiveCfg = Release|Any CPU
		{30C01B67-A211-406C-85E6-78F6435302FC}.Debug|Any CPU.ActiveCfg = Debug|Any CPU
		{30C01B67-A211-406C-85E6-78F6435302FC}.Debug|Any CPU.Build.0 = Debug|Any CPU
		{30C01B67-A211-406C-85E6-78F6435302FC}.Release|Any CPU.ActiveCfg = Release|Any CPU
		{30C01B67-A211-406C-85E6-78F6435302FC}.Release|Any CPU.Build.0 = Release|Any CPU
		{23EE64C1-7ECF-4523-BC4C-6B3B547D2A1D}.Debug|Any CPU.ActiveCfg = Debug|Any CPU
		{23EE64C1-7ECF-4523-BC4C-6B3B547D2A1D}.Debug|Any CPU.Build.0 = Debug|Any CPU
		{23EE64C1-7ECF-4523-BC4C-6B3B547D2A1D}.Release|Any CPU.ActiveCfg = Release|Any CPU
		{23EE64C1-7ECF-4523-BC4C-6B3B547D2A1D}.Release|Any CPU.Build.0 = Release|Any CPU
		{F3FA3126-5B7E-4A13-B9DA-BAA5B9E8598A}.Debug|Any CPU.ActiveCfg = Debug|Any CPU
		{F3FA3126-5B7E-4A13-B9DA-BAA5B9E8598A}.Debug|Any CPU.Build.0 = Debug|Any CPU
		{F3FA3126-5B7E-4A13-B9DA-BAA5B9E8598A}.Release|Any CPU.ActiveCfg = Release|Any CPU
		{F3FA3126-5B7E-4A13-B9DA-BAA5B9E8598A}.Release|Any CPU.Build.0 = Release|Any CPU
		{2BDBD618-E27D-B88C-B65B-269C340668BC}.Debug|Any CPU.ActiveCfg = Debug|Any CPU
		{2BDBD618-E27D-B88C-B65B-269C340668BC}.Debug|Any CPU.Build.0 = Debug|Any CPU
		{2BDBD618-E27D-B88C-B65B-269C340668BC}.Release|Any CPU.ActiveCfg = Release|Any CPU
		{2BDBD618-E27D-B88C-B65B-269C340668BC}.Release|Any CPU.Build.0 = Release|Any CPU
		{5AC5EA44-A926-A861-55D5-052BD577489B}.Debug|Any CPU.ActiveCfg = Debug|Any CPU
		{5AC5EA44-A926-A861-55D5-052BD577489B}.Debug|Any CPU.Build.0 = Debug|Any CPU
		{5AC5EA44-A926-A861-55D5-052BD577489B}.Release|Any CPU.ActiveCfg = Release|Any CPU
		{5AC5EA44-A926-A861-55D5-052BD577489B}.Release|Any CPU.Build.0 = Release|Any CPU
	EndGlobalSection
	GlobalSection(SolutionProperties) = preSolution
		HideSolutionNode = FALSE
	EndGlobalSection
	GlobalSection(ExtensibilityGlobals) = postSolution
		SolutionGuid = {06DEB740-CE8E-4A73-A27A-C82E9BA1212C}
	EndGlobalSection
EndGlobal
